// !$*UTF8*$!
{
	archiveVersion = 1;
	classes = {
	};
	objectVersion = 77;
	objects = {

/* Begin PBXBuildFile section */
		5723BFD02EE7669C00E8D69B /*  SarahGiggarExtension Extension.appex in Embed Foundation Extensions */ = {isa = PBXBuildFile; fileRef = 5723BFCF2EE7669C00E8D69B /*  SarahGiggarExtension Extension.appex */; settings = {ATTRIBUTES = (RemoveHeadersOnCopy, ); }; };
		5723BFDA2EE7669C00E8D69B /*  SarahGiggarExtension Extension.appex in Embed Foundation Extensions */ = {isa = PBXBuildFile; fileRef = 5723BFD92EE7669C00E8D69B /*  SarahGiggarExtension Extension.appex */; settings = {ATTRIBUTES = (RemoveHeadersOnCopy, ); }; };
/* End PBXBuildFile section */

/* Begin PBXContainerItemProxy section */
		5723BFD12EE7669C00E8D69B /* PBXContainerItemProxy */ = {
			isa = PBXContainerItemProxy;
			containerPortal = 5723BF962EE7669B00E8D69B /* Project object */;
			proxyType = 1;
			remoteGlobalIDString = 5723BFCE2EE7669C00E8D69B;
			remoteInfo = " SarahGiggarExtension Extension (iOS)";
		};
		5723BFDB2EE7669C00E8D69B /* PBXContainerItemProxy */ = {
			isa = PBXContainerItemProxy;
			containerPortal = 5723BF962EE7669B00E8D69B /* Project object */;
			proxyType = 1;
			remoteGlobalIDString = 5723BFD82EE7669C00E8D69B;
			remoteInfo = " SarahGiggarExtension Extension (macOS)";
		};
/* End PBXContainerItemProxy section */

/* Begin PBXCopyFilesBuildPhase section */
		5723C0022EE7669C00E8D69B /* Embed Foundation Extensions */ = {
			isa = PBXCopyFilesBuildPhase;
			buildActionMask = 2147483647;
			dstPath = "";
			dstSubfolderSpec = 13;
			files = (
				5723BFD02EE7669C00E8D69B /*  SarahGiggarExtension Extension.appex in Embed Foundation Extensions */,
			);
			name = "Embed Foundation Extensions";
			runOnlyForDeploymentPostprocessing = 0;
		};
		5723C00C2EE7669C00E8D69B /* Embed Foundation Extensions */ = {
			isa = PBXCopyFilesBuildPhase;
			buildActionMask = 2147483647;
			dstPath = "";
			dstSubfolderSpec = 13;
			files = (
				5723BFDA2EE7669C00E8D69B /*  SarahGiggarExtension Extension.appex in Embed Foundation Extensions */,
			);
			name = "Embed Foundation Extensions";
			runOnlyForDeploymentPostprocessing = 0;
		};
/* End PBXCopyFilesBuildPhase section */

/* Begin PBXFileReference section */
		5723BFB22EE7669C00E8D69B /* # WebExtension builds extension-dist/ SarahGiggarExtension.app */ = {isa = PBXFileReference; explicitFileType = wrapper.application; includeInIndex = 0; path = "# WebExtension builds extension-dist/ SarahGiggarExtension.app"; sourceTree = BUILT_PRODUCTS_DIR; };
		5723BFC42EE7669C00E8D69B /* # WebExtension builds extension-dist/ SarahGiggarExtension.app */ = {isa = PBXFileReference; explicitFileType = wrapper.application; includeInIndex = 0; path = "# WebExtension builds extension-dist/ SarahGiggarExtension.app"; sourceTree = BUILT_PRODUCTS_DIR; };
		5723BFCF2EE7669C00E8D69B /*  SarahGiggarExtension Extension.appex */ = {isa = PBXFileReference; explicitFileType = "wrapper.app-extension"; includeInIndex = 0; path = " SarahGiggarExtension Extension.appex"; sourceTree = BUILT_PRODUCTS_DIR; };
		5723BFD92EE7669C00E8D69B /*  SarahGiggarExtension Extension.appex */ = {isa = PBXFileReference; explicitFileType = "wrapper.app-extension"; includeInIndex = 0; path = " SarahGiggarExtension Extension.appex"; sourceTree = BUILT_PRODUCTS_DIR; };
/* End PBXFileReference section */

/* Begin PBXFileSystemSynchronizedBuildFileExceptionSet section */
		5723BFFD2EE7669C00E8D69B /* Exceptions for "Shared (App)" folder in " SarahGiggarExtension (iOS)" target */ = {
			isa = PBXFileSystemSynchronizedBuildFileExceptionSet;
			membershipExceptions = (
				"/Localized: Resources/Main.html",
				Assets.xcassets,
				Resources/Icon.png,
				Resources/Script.js,
				Resources/Style.css,
				ViewController.swift,
			);
			target = 5723BFB12EE7669C00E8D69B /*  SarahGiggarExtension (iOS) */;
		};
		5723C0012EE7669C00E8D69B /* Exceptions for "iOS (Extension)" folder in " SarahGiggarExtension Extension (iOS)" target */ = {
			isa = PBXFileSystemSynchronizedBuildFileExceptionSet;
			membershipExceptions = (
				Info.plist,
			);
			target = 5723BFCE2EE7669C00E8D69B /*  SarahGiggarExtension Extension (iOS) */;
		};
		5723C0062EE7669C00E8D69B /* Exceptions for "iOS (App)" folder in " SarahGiggarExtension (iOS)" target */ = {
			isa = PBXFileSystemSynchronizedBuildFileExceptionSet;
			membershipExceptions = (
				Info.plist,
			);
			target = 5723BFB12EE7669C00E8D69B /*  SarahGiggarExtension (iOS) */;
		};
		5723C0072EE7669C00E8D69B /* Exceptions for "Shared (App)" folder in " SarahGiggarExtension (macOS)" target */ = {
			isa = PBXFileSystemSynchronizedBuildFileExceptionSet;
			membershipExceptions = (
				"/Localized: Resources/Main.html",
				Assets.xcassets,
				Resources/Icon.png,
				Resources/Script.js,
				Resources/Style.css,
				ViewController.swift,
			);
			target = 5723BFC32EE7669C00E8D69B /*  SarahGiggarExtension (macOS) */;
		};
		5723C00B2EE7669C00E8D69B /* Exceptions for "macOS (Extension)" folder in " SarahGiggarExtension Extension (macOS)" target */ = {
			isa = PBXFileSystemSynchronizedBuildFileExceptionSet;
			membershipExceptions = (
				Info.plist,
			);
			target = 5723BFD82EE7669C00E8D69B /*  SarahGiggarExtension Extension (macOS) */;
		};
		5723C0102EE7669C00E8D69B /* Exceptions for "Shared (Extension)" folder in " SarahGiggarExtension Extension (iOS)" target */ = {
			isa = PBXFileSystemSynchronizedBuildFileExceptionSet;
			membershipExceptions = (
				Resources/_locales,
				Resources/background.js,
				Resources/content.js,
				Resources/images,
				Resources/manifest.json,
				Resources/popup.css,
				Resources/popup.html,
				Resources/popup.js,
				SafariWebExtensionHandler.swift,
			);
			target = 5723BFCE2EE7669C00E8D69B /*  SarahGiggarExtension Extension (iOS) */;
		};
		5723C0112EE7669C00E8D69B /* Exceptions for "Shared (Extension)" folder in " SarahGiggarExtension Extension (macOS)" target */ = {
			isa = PBXFileSystemSynchronizedBuildFileExceptionSet;
			membershipExceptions = (
				Resources/_locales,
				Resources/background.js,
				Resources/content.js,
				Resources/images,
				Resources/manifest.json,
				Resources/popup.css,
				Resources/popup.html,
				Resources/popup.js,
				SafariWebExtensionHandler.swift,
			);
			target = 5723BFD82EE7669C00E8D69B /*  SarahGiggarExtension Extension (macOS) */;
		};
/* End PBXFileSystemSynchronizedBuildFileExceptionSet section */

/* Begin PBXFileSystemSynchronizedRootGroup section */
		5723BF9A2EE7669B00E8D69B /* Shared (App) */ = {
			isa = PBXFileSystemSynchronizedRootGroup;
			exceptions = (
				5723BFFD2EE7669C00E8D69B /* Exceptions for "Shared (App)" folder in " SarahGiggarExtension (iOS)" target */,
				5723C0072EE7669C00E8D69B /* Exceptions for "Shared (App)" folder in " SarahGiggarExtension (macOS)" target */,
			);
			path = "Shared (App)";
			sourceTree = "<group>";
		};
		5723BFA32EE7669C00E8D69B /* Shared (Extension) */ = {
			isa = PBXFileSystemSynchronizedRootGroup;
			exceptions = (
				5723C0102EE7669C00E8D69B /* Exceptions for "Shared (Extension)" folder in " SarahGiggarExtension Extension (iOS)" target */,
				5723C0112EE7669C00E8D69B /* Exceptions for "Shared (Extension)" folder in " SarahGiggarExtension Extension (macOS)" target */,
			);
			explicitFolders = (
				Resources/_locales,
				Resources/images,
			);
			path = "Shared (Extension)";
			sourceTree = "<group>";
		};
		5723BFB42EE7669C00E8D69B /* iOS (App) */ = {
			isa = PBXFileSystemSynchronizedRootGroup;
			exceptions = (
				5723C0062EE7669C00E8D69B /* Exceptions for "iOS (App)" folder in " SarahGiggarExtension (iOS)" target */,
			);
			path = "iOS (App)";
			sourceTree = "<group>";
		};
		5723BFC52EE7669C00E8D69B /* macOS (App) */ = {
			isa = PBXFileSystemSynchronizedRootGroup;
			path = "macOS (App)";
			sourceTree = "<group>";
		};
		5723BFD32EE7669C00E8D69B /* iOS (Extension) */ = {
			isa = PBXFileSystemSynchronizedRootGroup;
			exceptions = (
				5723C0012EE7669C00E8D69B /* Exceptions for "iOS (Extension)" folder in " SarahGiggarExtension Extension (iOS)" target */,
			);
			path = "iOS (Extension)";
			sourceTree = "<group>";
		};
		5723BFDD2EE7669C00E8D69B /* macOS (Extension) */ = {
			isa = PBXFileSystemSynchronizedRootGroup;
			exceptions = (
				5723C00B2EE7669C00E8D69B /* Exceptions for "macOS (Extension)" folder in " SarahGiggarExtension Extension (macOS)" target */,
			);
			path = "macOS (Extension)";
			sourceTree = "<group>";
		};
/* End PBXFileSystemSynchronizedRootGroup section */

/* Begin PBXFrameworksBuildPhase section */
		5723BFAF2EE7669C00E8D69B /* Frameworks */ = {
			isa = PBXFrameworksBuildPhase;
			buildActionMask = 2147483647;
			files = (
			);
			runOnlyForDeploymentPostprocessing = 0;
		};
		5723BFC12EE7669C00E8D69B /* Frameworks */ = {
			isa = PBXFrameworksBuildPhase;
			buildActionMask = 2147483647;
			files = (
			);
			runOnlyForDeploymentPostprocessing = 0;
		};
		5723BFCC2EE7669C00E8D69B /* Frameworks */ = {
			isa = PBXFrameworksBuildPhase;
			buildActionMask = 2147483647;
			files = (
			);
			runOnlyForDeploymentPostprocessing = 0;
		};
		5723BFD62EE7669C00E8D69B /* Frameworks */ = {
			isa = PBXFrameworksBuildPhase;
			buildActionMask = 2147483647;
			files = (
			);
			runOnlyForDeploymentPostprocessing = 0;
		};
/* End PBXFrameworksBuildPhase section */

/* Begin PBXGroup section */
		5723BF952EE7669B00E8D69B = {
			isa = PBXGroup;
			children = (
				5723BF9A2EE7669B00E8D69B /* Shared (App) */,
				5723BFA32EE7669C00E8D69B /* Shared (Extension) */,
				5723BFB42EE7669C00E8D69B /* iOS (App) */,
				5723BFC52EE7669C00E8D69B /* macOS (App) */,
				5723BFD32EE7669C00E8D69B /* iOS (Extension) */,
				5723BFDD2EE7669C00E8D69B /* macOS (Extension) */,
				5723BFB32EE7669C00E8D69B /* Products */,
			);
			sourceTree = "<group>";
		};
		5723BFB32EE7669C00E8D69B /* Products */ = {
			isa = PBXGroup;
			children = (
				5723BFB22EE7669C00E8D69B /* # WebExtension builds extension-dist/ SarahGiggarExtension.app */,
				5723BFC42EE7669C00E8D69B /* # WebExtension builds extension-dist/ SarahGiggarExtension.app */,
				5723BFCF2EE7669C00E8D69B /*  SarahGiggarExtension Extension.appex */,
				5723BFD92EE7669C00E8D69B /*  SarahGiggarExtension Extension.appex */,
			);
			name = Products;
			sourceTree = "<group>";
		};
/* End PBXGroup section */

/* Begin PBXNativeTarget section */
		5723BFB12EE7669C00E8D69B /*  SarahGiggarExtension (iOS) */ = {
			isa = PBXNativeTarget;
			buildConfigurationList = 5723C0032EE7669C00E8D69B /* Build configuration list for PBXNativeTarget " SarahGiggarExtension (iOS)" */;
			buildPhases = (
				5723BFAE2EE7669C00E8D69B /* Sources */,
				5723BFAF2EE7669C00E8D69B /* Frameworks */,
				5723BFB02EE7669C00E8D69B /* Resources */,
				5723C0022EE7669C00E8D69B /* Embed Foundation Extensions */,
			);
			buildRules = (
			);
			dependencies = (
				5723BFD22EE7669C00E8D69B /* PBXTargetDependency */,
			);
			fileSystemSynchronizedGroups = (
				5723BFB42EE7669C00E8D69B /* iOS (App) */,
			);
			name = " SarahGiggarExtension (iOS)";
			packageProductDependencies = (
			);
			productName = " SarahGiggarExtension (iOS)";
			productReference = 5723BFB22EE7669C00E8D69B /* # WebExtension builds extension-dist/ SarahGiggarExtension.app */;
			productType = "com.apple.product-type.application";
		};
		5723BFC32EE7669C00E8D69B /*  SarahGiggarExtension (macOS) */ = {
			isa = PBXNativeTarget;
			buildConfigurationList = 5723C00D2EE7669C00E8D69B /* Build configuration list for PBXNativeTarget " SarahGiggarExtension (macOS)" */;
			buildPhases = (
				5723BFC02EE7669C00E8D69B /* Sources */,
				5723BFC12EE7669C00E8D69B /* Frameworks */,
				5723BFC22EE7669C00E8D69B /* Resources */,
				5723C00C2EE7669C00E8D69B /* Embed Foundation Extensions */,
			);
			buildRules = (
			);
			dependencies = (
				5723BFDC2EE7669C00E8D69B /* PBXTargetDependency */,
			);
			fileSystemSynchronizedGroups = (
				5723BFC52EE7669C00E8D69B /* macOS (App) */,
			);
			name = " SarahGiggarExtension (macOS)";
			packageProductDependencies = (
			);
			productName = " SarahGiggarExtension (macOS)";
			productReference = 5723BFC42EE7669C00E8D69B /* # WebExtension builds extension-dist/ SarahGiggarExtension.app */;
			productType = "com.apple.product-type.application";
		};
		5723BFCE2EE7669C00E8D69B /*  SarahGiggarExtension Extension (iOS) */ = {
			isa = PBXNativeTarget;
			buildConfigurationList = 5723BFFE2EE7669C00E8D69B /* Build configuration list for PBXNativeTarget " SarahGiggarExtension Extension (iOS)" */;
			buildPhases = (
				5723BFCB2EE7669C00E8D69B /* Sources */,
				5723BFCC2EE7669C00E8D69B /* Frameworks */,
				5723BFCD2EE7669C00E8D69B /* Resources */,
			);
			buildRules = (
			);
			dependencies = (
			);
			fileSystemSynchronizedGroups = (
				5723BFD32EE7669C00E8D69B /* iOS (Extension) */,
			);
			name = " SarahGiggarExtension Extension (iOS)";
			packageProductDependencies = (
			);
			productName = " SarahGiggarExtension Extension (iOS)";
			productReference = 5723BFCF2EE7669C00E8D69B /*  SarahGiggarExtension Extension.appex */;
			productType = "com.apple.product-type.app-extension";
		};
		5723BFD82EE7669C00E8D69B /*  SarahGiggarExtension Extension (macOS) */ = {
			isa = PBXNativeTarget;
			buildConfigurationList = 5723C0082EE7669C00E8D69B /* Build configuration list for PBXNativeTarget " SarahGiggarExtension Extension (macOS)" */;
			buildPhases = (
				5723BFD52EE7669C00E8D69B /* Sources */,
				5723BFD62EE7669C00E8D69B /* Frameworks */,
				5723BFD72EE7669C00E8D69B /* Resources */,
			);
			buildRules = (
			);
			dependencies = (
			);
			fileSystemSynchronizedGroups = (
				5723BFDD2EE7669C00E8D69B /* macOS (Extension) */,
			);
			name = " SarahGiggarExtension Extension (macOS)";
			packageProductDependencies = (
			);
			productName = " SarahGiggarExtension Extension (macOS)";
			productReference = 5723BFD92EE7669C00E8D69B /*  SarahGiggarExtension Extension.appex */;
			productType = "com.apple.product-type.app-extension";
		};
/* End PBXNativeTarget section */

/* Begin PBXProject section */
		5723BF962EE7669B00E8D69B /* Project object */ = {
			isa = PBXProject;
			attributes = {
				BuildIndependentTargetsInParallel = 1;
				LastSwiftUpdateCheck = 2610;
				LastUpgradeCheck = 2610;
				TargetAttributes = {
					5723BFB12EE7669C00E8D69B = {
						CreatedOnToolsVersion = 26.1.1;
					};
					5723BFC32EE7669C00E8D69B = {
						CreatedOnToolsVersion = 26.1.1;
					};
					5723BFCE2EE7669C00E8D69B = {
						CreatedOnToolsVersion = 26.1.1;
					};
					5723BFD82EE7669C00E8D69B = {
						CreatedOnToolsVersion = 26.1.1;
					};
				};
			};
			buildConfigurationList = 5723BF992EE7669B00E8D69B /* Build configuration list for PBXProject " SarahGiggarExtension" */;
			developmentRegion = en;
			hasScannedForEncodings = 0;
			knownRegions = (
				en,
				Base,
			);
			mainGroup = 5723BF952EE7669B00E8D69B;
			minimizedProjectReferenceProxies = 1;
			preferredProjectObjectVersion = 77;
			productRefGroup = 5723BFB32EE7669C00E8D69B /* Products */;
			projectDirPath = "";
			projectRoot = "";
			targets = (
				5723BFB12EE7669C00E8D69B /*  SarahGiggarExtension (iOS) */,
				5723BFC32EE7669C00E8D69B /*  SarahGiggarExtension (macOS) */,
				5723BFCE2EE7669C00E8D69B /*  SarahGiggarExtension Extension (iOS) */,
				5723BFD82EE7669C00E8D69B /*  SarahGiggarExtension Extension (macOS) */,
			);
		};
/* End PBXProject section */

/* Begin PBXResourcesBuildPhase section */
		5723BFB02EE7669C00E8D69B /* Resources */ = {
			isa = PBXResourcesBuildPhase;
			buildActionMask = 2147483647;
			files = (
			);
			runOnlyForDeploymentPostprocessing = 0;
		};
		5723BFC22EE7669C00E8D69B /* Resources */ = {
			isa = PBXResourcesBuildPhase;
			buildActionMask = 2147483647;
			files = (
			);
			runOnlyForDeploymentPostprocessing = 0;
		};
		5723BFCD2EE7669C00E8D69B /* Resources */ = {
			isa = PBXResourcesBuildPhase;
			buildActionMask = 2147483647;
			files = (
			);
			runOnlyForDeploymentPostprocessing = 0;
		};
		5723BFD72EE7669C00E8D69B /* Resources */ = {
			isa = PBXResourcesBuildPhase;
			buildActionMask = 2147483647;
			files = (
			);
			runOnlyForDeploymentPostprocessing = 0;
		};
/* End PBXResourcesBuildPhase section */

/* Begin PBXSourcesBuildPhase section */
		5723BFAE2EE7669C00E8D69B /* Sources */ = {
			isa = PBXSourcesBuildPhase;
			buildActionMask = 2147483647;
			files = (
			);
			runOnlyForDeploymentPostprocessing = 0;
		};
		5723BFC02EE7669C00E8D69B /* Sources */ = {
			isa = PBXSourcesBuildPhase;
			buildActionMask = 2147483647;
			files = (
			);
			runOnlyForDeploymentPostprocessing = 0;
		};
		5723BFCB2EE7669C00E8D69B /* Sources */ = {
			isa = PBXSourcesBuildPhase;
			buildActionMask = 2147483647;
			files = (
			);
			runOnlyForDeploymentPostprocessing = 0;
		};
		5723BFD52EE7669C00E8D69B /* Sources */ = {
			isa = PBXSourcesBuildPhase;
			buildActionMask = 2147483647;
			files = (
			);
			runOnlyForDeploymentPostprocessing = 0;
		};
/* End PBXSourcesBuildPhase section */

/* Begin PBXTargetDependency section */
		5723BFD22EE7669C00E8D69B /* PBXTargetDependency */ = {
			isa = PBXTargetDependency;
			target = 5723BFCE2EE7669C00E8D69B /*  SarahGiggarExtension Extension (iOS) */;
			targetProxy = 5723BFD12EE7669C00E8D69B /* PBXContainerItemProxy */;
		};
		5723BFDC2EE7669C00E8D69B /* PBXTargetDependency */ = {
			isa = PBXTargetDependency;
			target = 5723BFD82EE7669C00E8D69B /*  SarahGiggarExtension Extension (macOS) */;
			targetProxy = 5723BFDB2EE7669C00E8D69B /* PBXContainerItemProxy */;
		};
/* End PBXTargetDependency section */

/* Begin XCBuildConfiguration section */
		5723BFFF2EE7669C00E8D69B /* Debug */ = {
			isa = XCBuildConfiguration;
			buildSettings = {
				CODE_SIGN_STYLE = Automatic;
				CURRENT_PROJECT_VERSION = 1;
				DEVELOPMENT_TEAM = NZF8AKC884;
				GENERATE_INFOPLIST_FILE = YES;
				INFOPLIST_FILE = "iOS (Extension)/Info.plist";
				INFOPLIST_KEY_CFBundleDisplayName = " SarahGiggarExtension Extension";
				INFOPLIST_KEY_NSHumanReadableCopyright = "";
				IPHONEOS_DEPLOYMENT_TARGET = 15.0;
				LD_RUNPATH_SEARCH_PATHS = (
					"$(inherited)",
					"@executable_path/Frameworks",
					"@executable_path/../../Frameworks",
				);
				MARKETING_VERSION = 1.0;
				OTHER_LDFLAGS = (
					"-framework",
					SafariServices,
				);
				PRODUCT_BUNDLE_IDENTIFIER = "com-bartmcd.--WebExtension-builds-extension-dist--SarahGiggarExtension.Extension";
				PRODUCT_NAME = " SarahGiggarExtension Extension";
				SDKROOT = iphoneos;
				SKIP_INSTALL = YES;
				STRING_CATALOG_GENERATE_SYMBOLS = YES;
				SWIFT_APPROACHABLE_CONCURRENCY = YES;
				SWIFT_EMIT_LOC_STRINGS = YES;
				SWIFT_UPCOMING_FEATURE_MEMBER_IMPORT_VISIBILITY = YES;
				SWIFT_VERSION = 5.0;
				TARGETED_DEVICE_FAMILY = "1,2";
			};
			name = Debug;
		};
		5723C0002EE7669C00E8D69B /* Release */ = {
			isa = XCBuildConfiguration;
			buildSettings = {
				CODE_SIGN_STYLE = Automatic;
				CURRENT_PROJECT_VERSION = 1;
				DEVELOPMENT_TEAM = NZF8AKC884;
				GENERATE_INFOPLIST_FILE = YES;
				INFOPLIST_FILE = "iOS (Extension)/Info.plist";
				INFOPLIST_KEY_CFBundleDisplayName = " SarahGiggarExtension Extension";
				INFOPLIST_KEY_NSHumanReadableCopyright = "";
				IPHONEOS_DEPLOYMENT_TARGET = 15.0;
				LD_RUNPATH_SEARCH_PATHS = (
					"$(inherited)",
					"@executable_path/Frameworks",
					"@executable_path/../../Frameworks",
				);
				MARKETING_VERSION = 1.0;
				OTHER_LDFLAGS = (
					"-framework",
					SafariServices,
				);
				PRODUCT_BUNDLE_IDENTIFIER = "com-bartmcd.--WebExtension-builds-extension-dist--SarahGiggarExtension.Extension";
				PRODUCT_NAME = " SarahGiggarExtension Extension";
				SDKROOT = iphoneos;
				SKIP_INSTALL = YES;
				STRING_CATALOG_GENERATE_SYMBOLS = YES;
				SWIFT_APPROACHABLE_CONCURRENCY = YES;
				SWIFT_EMIT_LOC_STRINGS = YES;
				SWIFT_UPCOMING_FEATURE_MEMBER_IMPORT_VISIBILITY = YES;
				SWIFT_VERSION = 5.0;
				TARGETED_DEVICE_FAMILY = "1,2";
				VALIDATE_PRODUCT = YES;
			};
			name = Release;
		};
		5723C0042EE7669C00E8D69B /* Debug */ = {
			isa = XCBuildConfiguration;
			buildSettings = {
				ASSETCATALOG_COMPILER_APPICON_NAME = AppIcon;
				ASSETCATALOG_COMPILER_GLOBAL_ACCENT_COLOR_NAME = AccentColor;
				CODE_SIGN_STYLE = Automatic;
				CURRENT_PROJECT_VERSION = 1;
				DEVELOPMENT_TEAM = NZF8AKC884;
				GENERATE_INFOPLIST_FILE = YES;
				INFOPLIST_FILE = "iOS (App)/Info.plist";
				INFOPLIST_KEY_CFBundleDisplayName = " SarahGiggarExtension";
				INFOPLIST_KEY_UIApplicationSupportsIndirectInputEvents = YES;
				INFOPLIST_KEY_UILaunchStoryboardName = LaunchScreen;
				INFOPLIST_KEY_UIMainStoryboardFile = Main;
				INFOPLIST_KEY_UISupportedInterfaceOrientations = "UIInterfaceOrientationPortrait UIInterfaceOrientationLandscapeLeft UIInterfaceOrientationLandscapeRight";
				INFOPLIST_KEY_UISupportedInterfaceOrientations_iPad = "UIInterfaceOrientationPortrait UIInterfaceOrientationPortraitUpsideDown UIInterfaceOrientationLandscapeLeft UIInterfaceOrientationLandscapeRight";
				IPHONEOS_DEPLOYMENT_TARGET = 15.0;
				LD_RUNPATH_SEARCH_PATHS = (
					"$(inherited)",
					"@executable_path/Frameworks",
				);
				MARKETING_VERSION = 1.0;
				OTHER_LDFLAGS = (
					"-framework",
					SafariServices,
					"-framework",
					WebKit,
				);
				PRODUCT_BUNDLE_IDENTIFIER = "com-bartmcd.--WebExtension-builds-extension-dist--SarahGiggarExtension";
				PRODUCT_NAME = "# WebExtension builds extension-dist/ SarahGiggarExtension";
				SDKROOT = iphoneos;
				STRING_CATALOG_GENERATE_SYMBOLS = YES;
				SWIFT_APPROACHABLE_CONCURRENCY = YES;
				SWIFT_DEFAULT_ACTOR_ISOLATION = MainActor;
				SWIFT_EMIT_LOC_STRINGS = YES;
				SWIFT_UPCOMING_FEATURE_MEMBER_IMPORT_VISIBILITY = YES;
				SWIFT_VERSION = 5.0;
				TARGETED_DEVICE_FAMILY = "1,2";
			};
			name = Debug;
		};
		5723C0052EE7669C00E8D69B /* Release */ = {
			isa = XCBuildConfiguration;
			buildSettings = {
				ASSETCATALOG_COMPILER_APPICON_NAME = AppIcon;
				ASSETCATALOG_COMPILER_GLOBAL_ACCENT_COLOR_NAME = AccentColor;
				CODE_SIGN_STYLE = Automatic;
				CURRENT_PROJECT_VERSION = 1;
				DEVELOPMENT_TEAM = NZF8AKC884;
				GENERATE_INFOPLIST_FILE = YES;
				INFOPLIST_FILE = "iOS (App)/Info.plist";
				INFOPLIST_KEY_CFBundleDisplayName = " SarahGiggarExtension";
				INFOPLIST_KEY_UIApplicationSupportsIndirectInputEvents = YES;
				INFOPLIST_KEY_UILaunchStoryboardName = LaunchScreen;
				INFOPLIST_KEY_UIMainStoryboardFile = Main;
				INFOPLIST_KEY_UISupportedInterfaceOrientations = "UIInterfaceOrientationPortrait UIInterfaceOrientationLandscapeLeft UIInterfaceOrientationLandscapeRight";
				INFOPLIST_KEY_UISupportedInterfaceOrientations_iPad = "UIInterfaceOrientationPortrait UIInterfaceOrientationPortraitUpsideDown UIInterfaceOrientationLandscapeLeft UIInterfaceOrientationLandscapeRight";
				IPHONEOS_DEPLOYMENT_TARGET = 15.0;
				LD_RUNPATH_SEARCH_PATHS = (
					"$(inherited)",
					"@executable_path/Frameworks",
				);
				MARKETING_VERSION = 1.0;
				OTHER_LDFLAGS = (
					"-framework",
					SafariServices,
					"-framework",
					WebKit,
				);
				PRODUCT_BUNDLE_IDENTIFIER = "com-bartmcd.--WebExtension-builds-extension-dist--SarahGiggarExtension";
				PRODUCT_NAME = "# WebExtension builds extension-dist/ SarahGiggarExtension";
				SDKROOT = iphoneos;
				STRING_CATALOG_GENERATE_SYMBOLS = YES;
				SWIFT_APPROACHABLE_CONCURRENCY = YES;
				SWIFT_DEFAULT_ACTOR_ISOLATION = MainActor;
				SWIFT_EMIT_LOC_STRINGS = YES;
				SWIFT_UPCOMING_FEATURE_MEMBER_IMPORT_VISIBILITY = YES;
				SWIFT_VERSION = 5.0;
				TARGETED_DEVICE_FAMILY = "1,2";
				VALIDATE_PRODUCT = YES;
			};
			name = Release;
		};
		5723C0092EE7669C00E8D69B /* Debug */ = {
			isa = XCBuildConfiguration;
			buildSettings = {
				CODE_SIGN_STYLE = Automatic;
				CURRENT_PROJECT_VERSION = 1;
				DEVELOPMENT_TEAM = NZF8AKC884;
				ENABLE_APP_SANDBOX = YES;
				ENABLE_HARDENED_RUNTIME = YES;
				ENABLE_USER_SELECTED_FILES = readonly;
				GENERATE_INFOPLIST_FILE = YES;
				INFOPLIST_FILE = "macOS (Extension)/Info.plist";
				INFOPLIST_KEY_CFBundleDisplayName = " SarahGiggarExtension Extension";
				INFOPLIST_KEY_NSHumanReadableCopyright = "";
				LD_RUNPATH_SEARCH_PATHS = (
					"$(inherited)",
					"@executable_path/../Frameworks",
					"@executable_path/../../../../Frameworks",
				);
				MACOSX_DEPLOYMENT_TARGET = 10.14;
				MARKETING_VERSION = 1.0;
				OTHER_LDFLAGS = (
					"-framework",
					SafariServices,
				);
				PRODUCT_BUNDLE_IDENTIFIER = "com-bartmcd.--WebExtension-builds-extension-dist--SarahGiggarExtension.Extension";
				PRODUCT_NAME = " SarahGiggarExtension Extension";
				SDKROOT = macosx;
				SKIP_INSTALL = YES;
				STRING_CATALOG_GENERATE_SYMBOLS = YES;
				SWIFT_APPROACHABLE_CONCURRENCY = YES;
				SWIFT_EMIT_LOC_STRINGS = YES;
				SWIFT_UPCOMING_FEATURE_MEMBER_IMPORT_VISIBILITY = YES;
				SWIFT_VERSION = 5.0;
			};
			name = Debug;
		};
		5723C00A2EE7669C00E8D69B /* Release */ = {
			isa = XCBuildConfiguration;
			buildSettings = {
				CODE_SIGN_STYLE = Automatic;
				CURRENT_PROJECT_VERSION = 1;
				DEVELOPMENT_TEAM = NZF8AKC884;
				ENABLE_APP_SANDBOX = YES;
				ENABLE_HARDENED_RUNTIME = YES;
				ENABLE_USER_SELECTED_FILES = readonly;
				GENERATE_INFOPLIST_FILE = YES;
				INFOPLIST_FILE = "macOS (Extension)/Info.plist";
				INFOPLIST_KEY_CFBundleDisplayName = " SarahGiggarExtension Extension";
				INFOPLIST_KEY_NSHumanReadableCopyright = "";
				LD_RUNPATH_SEARCH_PATHS = (
					"$(inherited)",
					"@executable_path/../Frameworks",
					"@executable_path/../../../../Frameworks",
				);
				MACOSX_DEPLOYMENT_TARGET = 10.14;
				MARKETING_VERSION = 1.0;
				OTHER_LDFLAGS = (
					"-framework",
					SafariServices,
				);
				PRODUCT_BUNDLE_IDENTIFIER = "com-bartmcd.--WebExtension-builds-extension-dist--SarahGiggarExtension.Extension";
				PRODUCT_NAME = " SarahGiggarExtension Extension";
				SDKROOT = macosx;
				SKIP_INSTALL = YES;
				STRING_CATALOG_GENERATE_SYMBOLS = YES;
				SWIFT_APPROACHABLE_CONCURRENCY = YES;
				SWIFT_EMIT_LOC_STRINGS = YES;
				SWIFT_UPCOMING_FEATURE_MEMBER_IMPORT_VISIBILITY = YES;
				SWIFT_VERSION = 5.0;
			};
			name = Release;
		};
		5723C00E2EE7669C00E8D69B /* Debug */ = {
			isa = XCBuildConfiguration;
			buildSettings = {
				ASSETCATALOG_COMPILER_APPICON_NAME = AppIcon;
				ASSETCATALOG_COMPILER_GLOBAL_ACCENT_COLOR_NAME = AccentColor;
				CODE_SIGN_STYLE = Automatic;
				CURRENT_PROJECT_VERSION = 1;
				DEVELOPMENT_TEAM = NZF8AKC884;
				ENABLE_APP_SANDBOX = YES;
				ENABLE_HARDENED_RUNTIME = YES;
				ENABLE_OUTGOING_NETWORK_CONNECTIONS = YES;
				ENABLE_USER_SELECTED_FILES = readonly;
				GENERATE_INFOPLIST_FILE = YES;
				INFOPLIST_KEY_CFBundleDisplayName = " SarahGiggarExtension";
				INFOPLIST_KEY_NSMainStoryboardFile = Main;
				INFOPLIST_KEY_NSPrincipalClass = NSApplication;
				LD_RUNPATH_SEARCH_PATHS = (
					"$(inherited)",
					"@executable_path/../Frameworks",
				);
				MACOSX_DEPLOYMENT_TARGET = 10.14;
				MARKETING_VERSION = 1.0;
				OTHER_LDFLAGS = (
					"-framework",
					SafariServices,
					"-framework",
					WebKit,
				);
				PRODUCT_BUNDLE_IDENTIFIER = "com-bartmcd.--WebExtension-builds-extension-dist--SarahGiggarExtension";
				PRODUCT_NAME = "# WebExtension builds extension-dist/ SarahGiggarExtension";
				REGISTER_APP_GROUPS = YES;
				SDKROOT = macosx;
				STRING_CATALOG_GENERATE_SYMBOLS = YES;
				SWIFT_APPROACHABLE_CONCURRENCY = YES;
				SWIFT_DEFAULT_ACTOR_ISOLATION = MainActor;
				SWIFT_EMIT_LOC_STRINGS = YES;
				SWIFT_UPCOMING_FEATURE_MEMBER_IMPORT_VISIBILITY = YES;
				SWIFT_VERSION = 5.0;
			};
			name = Debug;
		};
		5723C00F2EE7669C00E8D69B /* Release */ = {
			isa = XCBuildConfiguration;
			buildSettings = {
				ASSETCATALOG_COMPILER_APPICON_NAME = AppIcon;
				ASSETCATALOG_COMPILER_GLOBAL_ACCENT_COLOR_NAME = AccentColor;
				CODE_SIGN_STYLE = Automatic;
				CURRENT_PROJECT_VERSION = 1;
				DEVELOPMENT_TEAM = NZF8AKC884;
				ENABLE_APP_SANDBOX = YES;
				ENABLE_HARDENED_RUNTIME = YES;
				ENABLE_OUTGOING_NETWORK_CONNECTIONS = YES;
				ENABLE_USER_SELECTED_FILES = readonly;
				GENERATE_INFOPLIST_FILE = YES;
				INFOPLIST_KEY_CFBundleDisplayName = " SarahGiggarExtension";
				INFOPLIST_KEY_NSMainStoryboardFile = Main;
				INFOPLIST_KEY_NSPrincipalClass = NSApplication;
				LD_RUNPATH_SEARCH_PATHS = (
					"$(inherited)",
					"@executable_path/../Frameworks",
				);
				MACOSX_DEPLOYMENT_TARGET = 10.14;
				MARKETING_VERSION = 1.0;
				OTHER_LDFLAGS = (
					"-framework",
					SafariServices,
					"-framework",
					WebKit,
				);
				PRODUCT_BUNDLE_IDENTIFIER = "com-bartmcd.--WebExtension-builds-extension-dist--SarahGiggarExtension";
				PRODUCT_NAME = "# WebExtension builds extension-dist/ SarahGiggarExtension";
				REGISTER_APP_GROUPS = YES;
				SDKROOT = macosx;
				STRING_CATALOG_GENERATE_SYMBOLS = YES;
				SWIFT_APPROACHABLE_CONCURRENCY = YES;
				SWIFT_DEFAULT_ACTOR_ISOLATION = MainActor;
				SWIFT_EMIT_LOC_STRINGS = YES;
				SWIFT_UPCOMING_FEATURE_MEMBER_IMPORT_VISIBILITY = YES;
				SWIFT_VERSION = 5.0;
			};
			name = Release;
		};
		5723C0122EE7669C00E8D69B /* Debug */ = {
			isa = XCBuildConfiguration;
			buildSettings = {
				ALWAYS_SEARCH_USER_PATHS = NO;
				ASSETCATALOG_COMPILER_GENERATE_SWIFT_ASSET_SYMBOL_EXTENSIONS = YES;
				CLANG_ANALYZER_NONNULL = YES;
				CLANG_ANALYZER_NUMBER_OBJECT_CONVERSION = YES_AGGRESSIVE;
				CLANG_CXX_LANGUAGE_STANDARD = "gnu++20";
				CLANG_ENABLE_MODULES = YES;
				CLANG_ENABLE_OBJC_ARC = YES;
				CLANG_ENABLE_OBJC_WEAK = YES;
				CLANG_WARN_BLOCK_CAPTURE_AUTORELEASING = YES;
				CLANG_WARN_BOOL_CONVERSION = YES;
				CLANG_WARN_COMMA = YES;
				CLANG_WARN_CONSTANT_CONVERSION = YES;
				CLANG_WARN_DEPRECATED_OBJC_IMPLEMENTATIONS = YES;
				CLANG_WARN_DIRECT_OBJC_ISA_USAGE = YES_ERROR;
				CLANG_WARN_DOCUMENTATION_COMMENTS = YES;
				CLANG_WARN_EMPTY_BODY = YES;
				CLANG_WARN_ENUM_CONVERSION = YES;
				CLANG_WARN_INFINITE_RECURSION = YES;
				CLANG_WARN_INT_CONVERSION = YES;
				CLANG_WARN_NON_LITERAL_NULL_CONVERSION = YES;
				CLANG_WARN_OBJC_IMPLICIT_RETAIN_SELF = YES;
				CLANG_WARN_OBJC_LITERAL_CONVERSION = YES;
				CLANG_WARN_OBJC_ROOT_CLASS = YES_ERROR;
				CLANG_WARN_QUOTED_INCLUDE_IN_FRAMEWORK_HEADER = YES;
				CLANG_WARN_RANGE_LOOP_ANALYSIS = YES;
				CLANG_WARN_STRICT_PROTOTYPES = YES;
				CLANG_WARN_SUSPICIOUS_MOVE = YES;
				CLANG_WARN_UNGUARDED_AVAILABILITY = YES_AGGRESSIVE;
				CLANG_WARN_UNREACHABLE_CODE = YES;
				CLANG_WARN__DUPLICATE_METHOD_MATCH = YES;
				COPY_PHASE_STRIP = NO;
				DEBUG_INFORMATION_FORMAT = dwarf;
				DEVELOPMENT_TEAM = NZF8AKC884;
				ENABLE_STRICT_OBJC_MSGSEND = YES;
				ENABLE_TESTABILITY = YES;
				ENABLE_USER_SCRIPT_SANDBOXING = YES;
				GCC_C_LANGUAGE_STANDARD = gnu17;
				GCC_DYNAMIC_NO_PIC = NO;
				GCC_NO_COMMON_BLOCKS = YES;
				GCC_OPTIMIZATION_LEVEL = 0;
				GCC_PREPROCESSOR_DEFINITIONS = (
					"DEBUG=1",
					"$(inherited)",
				);
				GCC_WARN_64_TO_32_BIT_CONVERSION = YES;
				GCC_WARN_ABOUT_RETURN_TYPE = YES_ERROR;
				GCC_WARN_UNDECLARED_SELECTOR = YES;
				GCC_WARN_UNINITIALIZED_AUTOS = YES_AGGRESSIVE;
				GCC_WARN_UNUSED_FUNCTION = YES;
				GCC_WARN_UNUSED_VARIABLE = YES;
				LOCALIZATION_PREFERS_STRING_CATALOGS = YES;
				MTL_ENABLE_DEBUG_INFO = INCLUDE_SOURCE;
				MTL_FAST_MATH = YES;
				ONLY_ACTIVE_ARCH = YES;
				SWIFT_ACTIVE_COMPILATION_CONDITIONS = "DEBUG $(inherited)";
				SWIFT_OPTIMIZATION_LEVEL = "-Onone";
			};
			name = Debug;
		};
		5723C0132EE7669C00E8D69B /* Release */ = {
			isa = XCBuildConfiguration;
			buildSettings = {
				ALWAYS_SEARCH_USER_PATHS = NO;
				ASSETCATALOG_COMPILER_GENERATE_SWIFT_ASSET_SYMBOL_EXTENSIONS = YES;
				CLANG_ANALYZER_NONNULL = YES;
				CLANG_ANALYZER_NUMBER_OBJECT_CONVERSION = YES_AGGRESSIVE;
				CLANG_CXX_LANGUAGE_STANDARD = "gnu++20";
				CLANG_ENABLE_MODULES = YES;
				CLANG_ENABLE_OBJC_ARC = YES;
				CLANG_ENABLE_OBJC_WEAK = YES;
				CLANG_WARN_BLOCK_CAPTURE_AUTORELEASING = YES;
				CLANG_WARN_BOOL_CONVERSION = YES;
				CLANG_WARN_COMMA = YES;
				CLANG_WARN_CONSTANT_CONVERSION = YES;
				CLANG_WARN_DEPRECATED_OBJC_IMPLEMENTATIONS = YES;
				CLANG_WARN_DIRECT_OBJC_ISA_USAGE = YES_ERROR;
				CLANG_WARN_DOCUMENTATION_COMMENTS = YES;
				CLANG_WARN_EMPTY_BODY = YES;
				CLANG_WARN_ENUM_CONVERSION = YES;
				CLANG_WARN_INFINITE_RECURSION = YES;
				CLANG_WARN_INT_CONVERSION = YES;
				CLANG_WARN_NON_LITERAL_NULL_CONVERSION = YES;
				CLANG_WARN_OBJC_IMPLICIT_RETAIN_SELF = YES;
				CLANG_WARN_OBJC_LITERAL_CONVERSION = YES;
				CLANG_WARN_OBJC_ROOT_CLASS = YES_ERROR;
				CLANG_WARN_QUOTED_INCLUDE_IN_FRAMEWORK_HEADER = YES;
				CLANG_WARN_RANGE_LOOP_ANALYSIS = YES;
				CLANG_WARN_STRICT_PROTOTYPES = YES;
				CLANG_WARN_SUSPICIOUS_MOVE = YES;
				CLANG_WARN_UNGUARDED_AVAILABILITY = YES_AGGRESSIVE;
				CLANG_WARN_UNREACHABLE_CODE = YES;
				CLANG_WARN__DUPLICATE_METHOD_MATCH = YES;
				COPY_PHASE_STRIP = NO;
				DEBUG_INFORMATION_FORMAT = "dwarf-with-dsym";
				DEVELOPMENT_TEAM = NZF8AKC884;
				ENABLE_NS_ASSERTIONS = NO;
				ENABLE_STRICT_OBJC_MSGSEND = YES;
				ENABLE_USER_SCRIPT_SANDBOXING = YES;
				GCC_C_LANGUAGE_STANDARD = gnu17;
				GCC_NO_COMMON_BLOCKS = YES;
				GCC_WARN_64_TO_32_BIT_CONVERSION = YES;
				GCC_WARN_ABOUT_RETURN_TYPE = YES_ERROR;
				GCC_WARN_UNDECLARED_SELECTOR = YES;
				GCC_WARN_UNINITIALIZED_AUTOS = YES_AGGRESSIVE;
				GCC_WARN_UNUSED_FUNCTION = YES;
				GCC_WARN_UNUSED_VARIABLE = YES;
				LOCALIZATION_PREFERS_STRING_CATALOGS = YES;
				MTL_ENABLE_DEBUG_INFO = NO;
				MTL_FAST_MATH = YES;
				SWIFT_COMPILATION_MODE = wholemodule;
			};
			name = Release;
		};
/* End XCBuildConfiguration section */

/* Begin XCConfigurationList section */
		5723BF992EE7669B00E8D69B /* Build configuration list for PBXProject " SarahGiggarExtension" */ = {
			isa = XCConfigurationList;
			buildConfigurations = (
				5723C0122EE7669C00E8D69B /* Debug */,
				5723C0132EE7669C00E8D69B /* Release */,
			);
			defaultConfigurationIsVisible = 0;
			defaultConfigurationName = Release;
		};
		5723BFFE2EE7669C00E8D69B /* Build configuration list for PBXNativeTarget " SarahGiggarExtension Extension (iOS)" */ = {
			isa = XCConfigurationList;
			buildConfigurations = (
				5723BFFF2EE7669C00E8D69B /* Debug */,
				5723C0002EE7669C00E8D69B /* Release */,
			);
			defaultConfigurationIsVisible = 0;
			defaultConfigurationName = Release;
		};
		5723C0032EE7669C00E8D69B /* Build configuration list for PBXNativeTarget " SarahGiggarExtension (iOS)" */ = {
			isa = XCConfigurationList;
			buildConfigurations = (
				5723C0042EE7669C00E8D69B /* Debug */,
				5723C0052EE7669C00E8D69B /* Release */,
			);
			defaultConfigurationIsVisible = 0;
			defaultConfigurationName = Release;
		};
		5723C0082EE7669C00E8D69B /* Build configuration list for PBXNativeTarget " SarahGiggarExtension Extension (macOS)" */ = {
			isa = XCConfigurationList;
			buildConfigurations = (
				5723C0092EE7669C00E8D69B /* Debug */,
				5723C00A2EE7669C00E8D69B /* Release */,
			);
			defaultConfigurationIsVisible = 0;
			defaultConfigurationName = Release;
		};
		5723C00D2EE7669C00E8D69B /* Build configuration list for PBXNativeTarget " SarahGiggarExtension (macOS)" */ = {
			isa = XCConfigurationList;
			buildConfigurations = (
				5723C00E2EE7669C00E8D69B /* Debug */,
				5723C00F2EE7669C00E8D69B /* Release */,
			);
			defaultConfigurationIsVisible = 0;
			defaultConfigurationName = Release;
		};
/* End XCConfigurationList section */
	};
	rootObject = 5723BF962EE7669B00E8D69B /* Project object */;
}
